
Microsoft Visual Studio Solution File, Format Version 12.00
# Visual Studio Version 17
VisualStudioVersion = 17.11.35312.102
MinimumVisualStudioVersion = 10.0.40219.1
Project("{FAE04EC0-301F-11D3-BF4B-00C04F79EFBC}") = "BaseAlturaArea", "BaseAlturaArea\BaseAlturaArea.csproj", "{2EAA4257-5D35-40FA-966E-AC21D72C9EF1}"
EndProject
Global
	GlobalSection(SolutionConfigurationPlatforms) = preSolution
		Debug|Any CPU = Debug|Any CPU
		Release|Any CPU = Release|Any CPU
	EndGlobalSection
	GlobalSection(ProjectConfigurationPlatforms) = postSolution
		{2EAA4257-5D35-40FA-966E-AC21D72C9EF1}.Debug|Any CPU.ActiveCfg = Debug|Any CPU
		{2EAA4257-5D35-40FA-966E-AC21D72C9EF1}.Debug|Any CPU.Build.0 = Debug|Any CPU
		{2EAA4257-5D35-40FA-966E-AC21D72C9EF1}.Release|Any CPU.ActiveCfg = Release|Any CPU
		{2EAA4257-5D35-40FA-966E-AC21D72C9EF1}.Release|Any CPU.Build.0 = Release|Any CPU
	EndGlobalSection
	GlobalSection(SolutionProperties) = preSolution
		HideSolutionNode = FALSE
	EndGlobalSection
	GlobalSection(ExtensibilityGlobals) = postSolution
		SolutionGuid = {7860E0B4-3362-4C5C-A5B0-25AEB444B3D6}
	EndGlobalSection
EndGlobal
